
Microsoft Visual Studio Solution File, Format Version 12.00
# Visual Studio Version 16
VisualStudioVersion = 16.0.29721.120
MinimumVisualStudioVersion = 10.0.40219.1
Project("{FAE04EC0-301F-11D3-BF4B-00C04F79EFBC}") = "AuroraFramework.Core.Web", "AuroraFramework.Core.Web\AuroraFramework.Core.Web.csproj", "{B5442B2A-673E-4A4F-AEBF-ED6B4102786B}"
EndProject
Global
	GlobalSection(SolutionConfigurationPlatforms) = preSolution
		Debug|Any CPU = Debug|Any CPU
		Release|Any CPU = Release|Any CPU
	EndGlobalSection
	GlobalSection(ProjectConfigurationPlatforms) = postSolution
		{B5442B2A-673E-4A4F-AEBF-ED6B4102786B}.Debug|Any CPU.ActiveCfg = Debug|Any CPU
		{B5442B2A-673E-4A4F-AEBF-ED6B4102786B}.Debug|Any CPU.Build.0 = Debug|Any CPU
		{B5442B2A-673E-4A4F-AEBF-ED6B4102786B}.Release|Any CPU.ActiveCfg = Release|Any CPU
		{B5442B2A-673E-4A4F-AEBF-ED6B4102786B}.Release|Any CPU.Build.0 = Release|Any CPU
	EndGlobalSection
	GlobalSection(SolutionProperties) = preSolution
		HideSolutionNode = FALSE
	EndGlobalSection
	GlobalSection(ExtensibilityGlobals) = postSolution
		SolutionGuid = {7FDFA2CB-0C73-434D-9B02-20EB403DBB33}
	EndGlobalSection
EndGlobal
